
Microsoft Visual Studio Solution File, Format Version 12.00
# Visual Studio 2012
# SharpDevelop 5.1
VisualStudioVersion = 12.0.20827.3
MinimumVisualStudioVersion = 10.0.40219.1
Project("{2150E333-8FDC-42A3-9474-1A3956D46DE8}") = "Solution Items", "Solution Items", "{32637B98-0312-4D79-8327-B8B9ADD0B8AA}"
	ProjectSection(SolutionItems) = preProject
		docs\Publisher_Subscriber Pattern With Event _Delegate and EventAggregator.pdf = docs\Publisher_Subscriber Pattern With Event _Delegate and EventAggregator.pdf
	EndProjectSection
EndProject
Project("{FAE04EC0-301F-11D3-BF4B-00C04F79EFBC}") = "EventAggregatorPattern", "EventAggregatorPattern\EventAggregatorPattern.csproj", "{5F60D06A-AB9B-4400-8619-F7901446C13C}"
EndProject
Project("{FAE04EC0-301F-11D3-BF4B-00C04F79EFBC}") = "EventDelegatePattern", "EventDelegatePattern\EventDelegatePattern.csproj", "{C9F127A5-FC3E-44C2-9FC1-67C1DD4F054F}"
EndProject
Global
	GlobalSection(SolutionConfigurationPlatforms) = preSolution
		Debug|x86 = Debug|x86
		Release|x86 = Release|x86
	EndGlobalSection
	GlobalSection(ProjectConfigurationPlatforms) = postSolution
		{5F60D06A-AB9B-4400-8619-F7901446C13C}.Debug|x86.ActiveCfg = Debug|x86
		{5F60D06A-AB9B-4400-8619-F7901446C13C}.Debug|x86.Build.0 = Debug|x86
		{5F60D06A-AB9B-4400-8619-F7901446C13C}.Release|x86.ActiveCfg = Release|x86
		{5F60D06A-AB9B-4400-8619-F7901446C13C}.Release|x86.Build.0 = Release|x86
		{C9F127A5-FC3E-44C2-9FC1-67C1DD4F054F}.Debug|x86.ActiveCfg = Debug|x86
		{C9F127A5-FC3E-44C2-9FC1-67C1DD4F054F}.Debug|x86.Build.0 = Debug|x86
		{C9F127A5-FC3E-44C2-9FC1-67C1DD4F054F}.Release|x86.ActiveCfg = Release|x86
		{C9F127A5-FC3E-44C2-9FC1-67C1DD4F054F}.Release|x86.Build.0 = Release|x86
	EndGlobalSection
	GlobalSection(SolutionProperties) = preSolution
		HideSolutionNode = FALSE
	EndGlobalSection
EndGlobal
